
Microsoft Visual Studio Solution File, Format Version 12.00
# Visual Studio Version 16
VisualStudioVersion = 16.0.30320.27
MinimumVisualStudioVersion = 10.0.40219.1
Project("{FAE04EC0-301F-11D3-BF4B-00C04F79EFBC}") = "AgeOfVillagers", "AgeOfVillagers.csproj", "{6B6F2139-8033-43B1-BB41-AF8782F6CA28}"
EndProject
Project("{FAE04EC0-301F-11D3-BF4B-00C04F79EFBC}") = "Test", "..\Test\Test.csproj", "{941F7023-31CD-400B-B9BC-08524BC70435}"
EndProject
Global
	GlobalSection(SolutionConfigurationPlatforms) = preSolution
		Debug|Any CPU = Debug|Any CPU
		Release|Any CPU = Release|Any CPU
	EndGlobalSection
	GlobalSection(ProjectConfigurationPlatforms) = postSolution
		{6B6F2139-8033-43B1-BB41-AF8782F6CA28}.Debug|Any CPU.ActiveCfg = Debug|Any CPU
		{6B6F2139-8033-43B1-BB41-AF8782F6CA28}.Debug|Any CPU.Build.0 = Debug|Any CPU
		{6B6F2139-8033-43B1-BB41-AF8782F6CA28}.Release|Any CPU.ActiveCfg = Release|Any CPU
		{6B6F2139-8033-43B1-BB41-AF8782F6CA28}.Release|Any CPU.Build.0 = Release|Any CPU
		{941F7023-31CD-400B-B9BC-08524BC70435}.Debug|Any CPU.ActiveCfg = Debug|Any CPU
		{941F7023-31CD-400B-B9BC-08524BC70435}.Debug|Any CPU.Build.0 = Debug|Any CPU
		{941F7023-31CD-400B-B9BC-08524BC70435}.Release|Any CPU.ActiveCfg = Release|Any CPU
		{941F7023-31CD-400B-B9BC-08524BC70435}.Release|Any CPU.Build.0 = Release|Any CPU
	EndGlobalSection
	GlobalSection(SolutionProperties) = preSolution
		HideSolutionNode = FALSE
	EndGlobalSection
	GlobalSection(ExtensibilityGlobals) = postSolution
		SolutionGuid = {9FD3E7F5-EA3E-49DF-BE37-F909C3541310}
	EndGlobalSection
EndGlobal
